
Microsoft Visual Studio Solution File, Format Version 12.00
# Visual Studio Version 16
VisualStudioVersion = 16.0.30804.86
MinimumVisualStudioVersion = 10.0.40219.1
Project("{9A19103F-16F7-4668-BE54-9A1E7A4F7556}") = "Appeon.DataStoreDemo.Web", "Appeon.DataStoreDemo.Web\Appeon.DataStoreDemo.Web.csproj", "{A491D1C3-A6CE-49D5-B846-70C55702BC5D}"
EndProject
Project("{9A19103F-16F7-4668-BE54-9A1E7A4F7556}") = "Appeon.DataStoreDemo.Service.SqlServer", "..\DataStore-Example\Appeon.DataStoreDemo.Service.SqlServer\Appeon.DataStoreDemo.Service.SqlServer.csproj", "{82E32CC3-F662-4F5A-B5F1-0E48B446C6D8}"
EndProject
Global
	GlobalSection(SolutionConfigurationPlatforms) = preSolution
		Debug|Any CPU = Debug|Any CPU
		Release|Any CPU = Release|Any CPU
	EndGlobalSection
	GlobalSection(ProjectConfigurationPlatforms) = postSolution
		{A491D1C3-A6CE-49D5-B846-70C55702BC5D}.Debug|Any CPU.ActiveCfg = Debug|Any CPU
		{A491D1C3-A6CE-49D5-B846-70C55702BC5D}.Debug|Any CPU.Build.0 = Debug|Any CPU
		{A491D1C3-A6CE-49D5-B846-70C55702BC5D}.Release|Any CPU.ActiveCfg = Release|Any CPU
		{A491D1C3-A6CE-49D5-B846-70C55702BC5D}.Release|Any CPU.Build.0 = Release|Any CPU
		{82E32CC3-F662-4F5A-B5F1-0E48B446C6D8}.Debug|Any CPU.ActiveCfg = Debug|Any CPU
		{82E32CC3-F662-4F5A-B5F1-0E48B446C6D8}.Debug|Any CPU.Build.0 = Debug|Any CPU
		{82E32CC3-F662-4F5A-B5F1-0E48B446C6D8}.Release|Any CPU.ActiveCfg = Release|Any CPU
		{82E32CC3-F662-4F5A-B5F1-0E48B446C6D8}.Release|Any CPU.Build.0 = Release|Any CPU
	EndGlobalSection
	GlobalSection(SolutionProperties) = preSolution
		HideSolutionNode = FALSE
	EndGlobalSection
	GlobalSection(ExtensibilityGlobals) = postSolution
		SolutionGuid = {77426186-AA32-4DCF-B967-F06E4C2BDD70}
	EndGlobalSection
EndGlobal
